
Microsoft Visual Studio Solution File, Format Version 12.00
# Visual Studio Version 17
VisualStudioVersion = 17.7.34221.43
MinimumVisualStudioVersion = 10.0.40219.1
Project("{FAE04EC0-301F-11D3-BF4B-00C04F79EFBC}") = "WebScrap", "WebScrap.csproj", "{197A521E-5C45-4DA1-BC0D-FC092A10AD17}"
EndProject
Global
	GlobalSection(SolutionConfigurationPlatforms) = preSolution
		Debug|Any CPU = Debug|Any CPU
		Release|Any CPU = Release|Any CPU
	EndGlobalSection
	GlobalSection(ProjectConfigurationPlatforms) = postSolution
		{197A521E-5C45-4DA1-BC0D-FC092A10AD17}.Debug|Any CPU.ActiveCfg = Debug|Any CPU
		{197A521E-5C45-4DA1-BC0D-FC092A10AD17}.Debug|Any CPU.Build.0 = Debug|Any CPU
		{197A521E-5C45-4DA1-BC0D-FC092A10AD17}.Release|Any CPU.ActiveCfg = Release|Any CPU
		{197A521E-5C45-4DA1-BC0D-FC092A10AD17}.Release|Any CPU.Build.0 = Release|Any CPU
	EndGlobalSection
	GlobalSection(SolutionProperties) = preSolution
		HideSolutionNode = FALSE
	EndGlobalSection
	GlobalSection(ExtensibilityGlobals) = postSolution
		SolutionGuid = {C918E472-6055-4EAE-B130-B533B891BAD7}
	EndGlobalSection
EndGlobal
